PODS:
  - Alamofire (5.1.0)
  - Kingfisher (5.14.0):
    - Kingfisher/Core (= 5.14.0)
  - Kingfisher/Core (5.14.0)

DEPENDENCIES:
  - Alamofire (~> 5.1)
  - Kingfisher (~> 5.0)

SPEC REPOS:
  trunk:
    - Alamofire
    - Kingfisher

SPEC CHECKSUMS:
  Alamofire: 9d5c5f602928e512395b30950c5984eca840093c
  Kingfisher: 7b64389a43139c903ec434788344c288217c792d

PODFILE CHECKSUM: a1732c781d56f434c9bfe91251ffe6d9513f8108

COCOAPODS: 1.9.1
